// !$*UTF8*$!
{
	archiveVersion = 1;
	classes = {
	};
	objectVersion = 56;
	objects = {

/* Begin PBXBuildFile section */
		6C83C1002C5C78CD00E2B5DB /* AppDelegate.swift in Sources */ = {isa = PBXBuildFile; fileRef = 6C83C0FF2C5C78CD00E2B5DB /* AppDelegate.swift */; };
		6C83C1022C5C78CD00E2B5DB /* SceneDelegate.swift in Sources */ = {isa = PBXBuildFile; fileRef = 6C83C1012C5C78CD00E2B5DB /* SceneDelegate.swift */; };
		6C83C1042C5C78CD00E2B5DB /* MainTabBarViewController.swift in Sources */ = {isa = PBXBuildFile; fileRef = 6C83C1032C5C78CD00E2B5DB /* MainTabBarViewController.swift */; };
		6C83C1092C5C78CD00E2B5DB /* Assets.xcassets in Resources */ = {isa = PBXBuildFile; fileRef = 6C83C1082C5C78CD00E2B5DB /* Assets.xcassets */; };
		6C83C10C2C5C78CD00E2B5DB /* Base in Resources */ = {isa = PBXBuildFile; fileRef = 6C83C10B2C5C78CD00E2B5DB /* Base */; };
		6C83C1152C5C854900E2B5DB /* HomeViewController.swift in Sources */ = {isa = PBXBuildFile; fileRef = 6C83C1142C5C854900E2B5DB /* HomeViewController.swift */; };
		6C83C1172C5C85A100E2B5DB /* UpComingViewController.swift in Sources */ = {isa = PBXBuildFile; fileRef = 6C83C1162C5C85A100E2B5DB /* UpComingViewController.swift */; };
		6C83C1192C5C85E000E2B5DB /* SearchViewController.swift in Sources */ = {isa = PBXBuildFile; fileRef = 6C83C1182C5C85E000E2B5DB /* SearchViewController.swift */; };
		6C83C11B2C5C85EB00E2B5DB /* DownloadViewController.swift in Sources */ = {isa = PBXBuildFile; fileRef = 6C83C11A2C5C85EB00E2B5DB /* DownloadViewController.swift */; };
		6C83C1222C5C96C100E2B5DB /* CollectionViewTableViewCell.swift in Sources */ = {isa = PBXBuildFile; fileRef = 6C83C1212C5C96C100E2B5DB /* CollectionViewTableViewCell.swift */; };
		6C83C1252C5CC63700E2B5DB /* HeaderUIView.swift in Sources */ = {isa = PBXBuildFile; fileRef = 6C83C1242C5CC63700E2B5DB /* HeaderUIView.swift */; };
		6C83C1272C5E2B4400E2B5DB /* APICaller.swift in Sources */ = {isa = PBXBuildFile; fileRef = 6C83C1262C5E2B4400E2B5DB /* APICaller.swift */; };
		6C83C1292C5E489600E2B5DB /* Title.swift in Sources */ = {isa = PBXBuildFile; fileRef = 6C83C1282C5E489600E2B5DB /* Title.swift */; };
		6C83C12F2C5F2A6400E2B5DB /* TitleCollectionViewCell.swift in Sources */ = {isa = PBXBuildFile; fileRef = 6C83C12E2C5F2A6400E2B5DB /* TitleCollectionViewCell.swift */; };
		6C83C1322C5F2E2700E2B5DB /* SDWebImage in Frameworks */ = {isa = PBXBuildFile; productRef = 6C83C1312C5F2E2700E2B5DB /* SDWebImage */; };
		6C83C1342C5F2E2700E2B5DB /* SDWebImageMapKit in Frameworks */ = {isa = PBXBuildFile; productRef = 6C83C1332C5F2E2700E2B5DB /* SDWebImageMapKit */; };
		6C83C1362C5F8BE000E2B5DB /* TitleTableViewCell.swift in Sources */ = {isa = PBXBuildFile; fileRef = 6C83C1352C5F8BE000E2B5DB /* TitleTableViewCell.swift */; };
		6C83C1382C5F9C0000E2B5DB /* TitleUpcoming.swift in Sources */ = {isa = PBXBuildFile; fileRef = 6C83C1372C5F9C0000E2B5DB /* TitleUpcoming.swift */; };
		6C83C13A2C5FDC2F00E2B5DB /* SearchResultsViewController.swift in Sources */ = {isa = PBXBuildFile; fileRef = 6C83C1392C5FDC2F00E2B5DB /* SearchResultsViewController.swift */; };
/* End PBXBuildFile section */

/* Begin PBXFileReference section */
		6C83C0FC2C5C78CC00E2B5DB /* Movie App.app */ = {isa = PBXFileReference; explicitFileType = wrapper.application; includeInIndex = 0; path = "Movie App.app"; sourceTree = BUILT_PRODUCTS_DIR; };
		6C83C0FF2C5C78CD00E2B5DB /* AppDelegate.swift */ = {isa = PBXFileReference; lastKnownFileType = sourcecode.swift; path = AppDelegate.swift; sourceTree = "<group>"; };
		6C83C1012C5C78CD00E2B5DB /* SceneDelegate.swift */ = {isa = PBXFileReference; lastKnownFileType = sourcecode.swift; path = SceneDelegate.swift; sourceTree = "<group>"; };
		6C83C1032C5C78CD00E2B5DB /* MainTabBarViewController.swift */ = {isa = PBXFileReference; lastKnownFileType = sourcecode.swift; path = MainTabBarViewController.swift; sourceTree = "<group>"; };
		6C83C1082C5C78CD00E2B5DB /* Assets.xcassets */ = {isa = PBXFileReference; lastKnownFileType = folder.assetcatalog; path = Assets.xcassets; sourceTree = "<group>"; };
		6C83C10B2C5C78CD00E2B5DB /* Base */ = {isa = PBXFileReference; lastKnownFileType = file.storyboard; name = Base; path = Base.lproj/LaunchScreen.storyboard; sourceTree = "<group>"; };
		6C83C10D2C5C78CD00E2B5DB /* Info.plist */ = {isa = PBXFileReference; lastKnownFileType = text.plist.xml; path = Info.plist; sourceTree = "<group>"; };
		6C83C1142C5C854900E2B5DB /* HomeViewController.swift */ = {isa = PBXFileReference; lastKnownFileType = sourcecode.swift; path = HomeViewController.swift; sourceTree = "<group>"; };
		6C83C1162C5C85A100E2B5DB /* UpComingViewController.swift */ = {isa = PBXFileReference; lastKnownFileType = sourcecode.swift; path = UpComingViewController.swift; sourceTree = "<group>"; };
		6C83C1182C5C85E000E2B5DB /* SearchViewController.swift */ = {isa = PBXFileReference; lastKnownFileType = sourcecode.swift; path = SearchViewController.swift; sourceTree = "<group>"; };
		6C83C11A2C5C85EB00E2B5DB /* DownloadViewController.swift */ = {isa = PBXFileReference; lastKnownFileType = sourcecode.swift; path = DownloadViewController.swift; sourceTree = "<group>"; };
		6C83C1212C5C96C100E2B5DB /* CollectionViewTableViewCell.swift */ = {isa = PBXFileReference; lastKnownFileType = sourcecode.swift; path = CollectionViewTableViewCell.swift; sourceTree = "<group>"; };
		6C83C1242C5CC63700E2B5DB /* HeaderUIView.swift */ = {isa = PBXFileReference; lastKnownFileType = sourcecode.swift; path = HeaderUIView.swift; sourceTree = "<group>"; };
		6C83C1262C5E2B4400E2B5DB /* APICaller.swift */ = {isa = PBXFileReference; lastKnownFileType = sourcecode.swift; path = APICaller.swift; sourceTree = "<group>"; };
		6C83C1282C5E489600E2B5DB /* Title.swift */ = {isa = PBXFileReference; lastKnownFileType = sourcecode.swift; path = Title.swift; sourceTree = "<group>"; };
		6C83C12E2C5F2A6400E2B5DB /* TitleCollectionViewCell.swift */ = {isa = PBXFileReference; lastKnownFileType = sourcecode.swift; path = TitleCollectionViewCell.swift; sourceTree = "<group>"; };
		6C83C1352C5F8BE000E2B5DB /* TitleTableViewCell.swift */ = {isa = PBXFileReference; lastKnownFileType = sourcecode.swift; path = TitleTableViewCell.swift; sourceTree = "<group>"; };
		6C83C1372C5F9C0000E2B5DB /* TitleUpcoming.swift */ = {isa = PBXFileReference; lastKnownFileType = sourcecode.swift; path = TitleUpcoming.swift; sourceTree = "<group>"; };
		6C83C1392C5FDC2F00E2B5DB /* SearchResultsViewController.swift */ = {isa = PBXFileReference; lastKnownFileType = sourcecode.swift; path = SearchResultsViewController.swift; sourceTree = "<group>"; };
/* End PBXFileReference section */

/* Begin PBXFrameworksBuildPhase section */
		6C83C0F92C5C78CC00E2B5DB /* Frameworks */ = {
			isa = PBXFrameworksBuildPhase;
			buildActionMask = 2147483647;
			files = (
				6C83C1342C5F2E2700E2B5DB /* SDWebImageMapKit in Frameworks */,
				6C83C1322C5F2E2700E2B5DB /* SDWebImage in Frameworks */,
			);
			runOnlyForDeploymentPostprocessing = 0;
		};
/* End PBXFrameworksBuildPhase section */

/* Begin PBXGroup section */
		6C83C0F32C5C78CC00E2B5DB = {
			isa = PBXGroup;
			children = (
				6C83C0FE2C5C78CC00E2B5DB /* Movie App */,
				6C83C0FD2C5C78CC00E2B5DB /* Products */,
			);
			sourceTree = "<group>";
		};
		6C83C0FD2C5C78CC00E2B5DB /* Products */ = {
			isa = PBXGroup;
			children = (
				6C83C0FC2C5C78CC00E2B5DB /* Movie App.app */,
			);
			name = Products;
			sourceTree = "<group>";
		};
		6C83C0FE2C5C78CC00E2B5DB /* Movie App */ = {
			isa = PBXGroup;
			children = (
				6C83C1232C5CBF4A00E2B5DB /* app */,
				6C83C1202C5C964D00E2B5DB /* managers */,
				6C83C11E2C5C95E100E2B5DB /* viewmodels */,
				6C83C11D2C5C95DB00E2B5DB /* views */,
				6C83C11C2C5C860200E2B5DB /* models */,
				6C83C1132C5C851A00E2B5DB /* controllers */,
				6C83C1032C5C78CD00E2B5DB /* MainTabBarViewController.swift */,
				6C83C1082C5C78CD00E2B5DB /* Assets.xcassets */,
				6C83C10A2C5C78CD00E2B5DB /* LaunchScreen.storyboard */,
				6C83C10D2C5C78CD00E2B5DB /* Info.plist */,
			);
			path = "Movie App";
			sourceTree = "<group>";
		};
		6C83C1132C5C851A00E2B5DB /* controllers */ = {
			isa = PBXGroup;
			children = (
				6C83C1142C5C854900E2B5DB /* HomeViewController.swift */,
				6C83C1162C5C85A100E2B5DB /* UpComingViewController.swift */,
				6C83C1182C5C85E000E2B5DB /* SearchViewController.swift */,
				6C83C11A2C5C85EB00E2B5DB /* DownloadViewController.swift */,
				6C83C1392C5FDC2F00E2B5DB /* SearchResultsViewController.swift */,
			);
			path = controllers;
			sourceTree = "<group>";
		};
		6C83C11C2C5C860200E2B5DB /* models */ = {
			isa = PBXGroup;
			children = (
				6C83C1282C5E489600E2B5DB /* Title.swift */,
			);
			path = models;
			sourceTree = "<group>";
		};
		6C83C11D2C5C95DB00E2B5DB /* views */ = {
			isa = PBXGroup;
			children = (
				6C83C1212C5C96C100E2B5DB /* CollectionViewTableViewCell.swift */,
				6C83C1242C5CC63700E2B5DB /* HeaderUIView.swift */,
				6C83C12E2C5F2A6400E2B5DB /* TitleCollectionViewCell.swift */,
				6C83C1352C5F8BE000E2B5DB /* TitleTableViewCell.swift */,
			);
			path = views;
			sourceTree = "<group>";
		};
		6C83C11E2C5C95E100E2B5DB /* viewmodels */ = {
			isa = PBXGroup;
			children = (
				6C83C1372C5F9C0000E2B5DB /* TitleUpcoming.swift */,
			);
			path = viewmodels;
			sourceTree = "<group>";
		};
		6C83C1202C5C964D00E2B5DB /* managers */ = {
			isa = PBXGroup;
			children = (
				6C83C1262C5E2B4400E2B5DB /* APICaller.swift */,
			);
			path = managers;
			sourceTree = "<group>";
		};
		6C83C1232C5CBF4A00E2B5DB /* app */ = {
			isa = PBXGroup;
			children = (
				6C83C0FF2C5C78CD00E2B5DB /* AppDelegate.swift */,
				6C83C1012C5C78CD00E2B5DB /* SceneDelegate.swift */,
			);
			path = app;
			sourceTree = "<group>";
		};
/* End PBXGroup section */

/* Begin PBXNativeTarget section */
		6C83C0FB2C5C78CC00E2B5DB /* Movie App */ = {
			isa = PBXNativeTarget;
			buildConfigurationList = 6C83C1102C5C78CD00E2B5DB /* Build configuration list for PBXNativeTarget "Movie App" */;
			buildPhases = (
				6C83C0F82C5C78CC00E2B5DB /* Sources */,
				6C83C0F92C5C78CC00E2B5DB /* Frameworks */,
				6C83C0FA2C5C78CC00E2B5DB /* Resources */,
			);
			buildRules = (
			);
			dependencies = (
			);
			name = "Movie App";
			packageProductDependencies = (
				6C83C1312C5F2E2700E2B5DB /* SDWebImage */,
				6C83C1332C5F2E2700E2B5DB /* SDWebImageMapKit */,
			);
			productName = "Movie App";
			productReference = 6C83C0FC2C5C78CC00E2B5DB /* Movie App.app */;
			productType = "com.apple.product-type.application";
		};
/* End PBXNativeTarget section */

/* Begin PBXProject section */
		6C83C0F42C5C78CC00E2B5DB /* Project object */ = {
			isa = PBXProject;
			attributes = {
				BuildIndependentTargetsInParallel = 1;
				LastSwiftUpdateCheck = 1540;
				LastUpgradeCheck = 1540;
				TargetAttributes = {
					6C83C0FB2C5C78CC00E2B5DB = {
						CreatedOnToolsVersion = 15.4;
					};
				};
			};
			buildConfigurationList = 6C83C0F72C5C78CC00E2B5DB /* Build configuration list for PBXProject "Movie App" */;
			compatibilityVersion = "Xcode 14.0";
			developmentRegion = en;
			hasScannedForEncodings = 0;
			knownRegions = (
				en,
				Base,
			);
			mainGroup = 6C83C0F32C5C78CC00E2B5DB;
			packageReferences = (
				6C83C1302C5F2E2700E2B5DB /* XCRemoteSwiftPackageReference "SDWebImage" */,
			);
			productRefGroup = 6C83C0FD2C5C78CC00E2B5DB /* Products */;
			projectDirPath = "";
			projectRoot = "";
			targets = (
				6C83C0FB2C5C78CC00E2B5DB /* Movie App */,
			);
		};
/* End PBXProject section */

/* Begin PBXResourcesBuildPhase section */
		6C83C0FA2C5C78CC00E2B5DB /* Resources */ = {
			isa = PBXResourcesBuildPhase;
			buildActionMask = 2147483647;
			files = (
				6C83C1092C5C78CD00E2B5DB /* Assets.xcassets in Resources */,
				6C83C10C2C5C78CD00E2B5DB /* Base in Resources */,
			);
			runOnlyForDeploymentPostprocessing = 0;
		};
/* End PBXResourcesBuildPhase section */

/* Begin PBXSourcesBuildPhase section */
		6C83C0F82C5C78CC00E2B5DB /* Sources */ = {
			isa = PBXSourcesBuildPhase;
			buildActionMask = 2147483647;
			files = (
				6C83C1192C5C85E000E2B5DB /* SearchViewController.swift in Sources */,
				6C83C12F2C5F2A6400E2B5DB /* TitleCollectionViewCell.swift in Sources */,
				6C83C1362C5F8BE000E2B5DB /* TitleTableViewCell.swift in Sources */,
				6C83C1042C5C78CD00E2B5DB /* MainTabBarViewController.swift in Sources */,
				6C83C13A2C5FDC2F00E2B5DB /* SearchResultsViewController.swift in Sources */,
				6C83C1222C5C96C100E2B5DB /* CollectionViewTableViewCell.swift in Sources */,
				6C83C1272C5E2B4400E2B5DB /* APICaller.swift in Sources */,
				6C83C1252C5CC63700E2B5DB /* HeaderUIView.swift in Sources */,
				6C83C1002C5C78CD00E2B5DB /* AppDelegate.swift in Sources */,
				6C83C11B2C5C85EB00E2B5DB /* DownloadViewController.swift in Sources */,
				6C83C1172C5C85A100E2B5DB /* UpComingViewController.swift in Sources */,
				6C83C1022C5C78CD00E2B5DB /* SceneDelegate.swift in Sources */,
				6C83C1382C5F9C0000E2B5DB /* TitleUpcoming.swift in Sources */,
				6C83C1292C5E489600E2B5DB /* Title.swift in Sources */,
				6C83C1152C5C854900E2B5DB /* HomeViewController.swift in Sources */,
			);
			runOnlyForDeploymentPostprocessing = 0;
		};
/* End PBXSourcesBuildPhase section */

/* Begin PBXVariantGroup section */
		6C83C10A2C5C78CD00E2B5DB /* LaunchScreen.storyboard */ = {
			isa = PBXVariantGroup;
			children = (
				6C83C10B2C5C78CD00E2B5DB /* Base */,
			);
			name = LaunchScreen.storyboard;
			sourceTree = "<group>";
		};
/* End PBXVariantGroup section */

/* Begin XCBuildConfiguration section */
		6C83C10E2C5C78CD00E2B5DB /* Debug */ = {
			isa = XCBuildConfiguration;
			buildSettings = {
				ALWAYS_SEARCH_USER_PATHS = NO;
				ASSETCATALOG_COMPILER_GENERATE_SWIFT_ASSET_SYMBOL_EXTENSIONS = YES;
				CLANG_ANALYZER_NONNULL = YES;
				CLANG_ANALYZER_NUMBER_OBJECT_CONVERSION = YES_AGGRESSIVE;
				CLANG_CXX_LANGUAGE_STANDARD = "gnu++20";
				CLANG_ENABLE_MODULES = YES;
				CLANG_ENABLE_OBJC_ARC = YES;
				CLANG_ENABLE_OBJC_WEAK = YES;
				CLANG_WARN_BLOCK_CAPTURE_AUTORELEASING = YES;
				CLANG_WARN_BOOL_CONVERSION = YES;
				CLANG_WARN_COMMA = YES;
				CLANG_WARN_CONSTANT_CONVERSION = YES;
				CLANG_WARN_DEPRECATED_OBJC_IMPLEMENTATIONS = YES;
				CLANG_WARN_DIRECT_OBJC_ISA_USAGE = YES_ERROR;
				CLANG_WARN_DOCUMENTATION_COMMENTS = YES;
				CLANG_WARN_EMPTY_BODY = YES;
				CLANG_WARN_ENUM_CONVERSION = YES;
				CLANG_WARN_INFINITE_RECURSION = YES;
				CLANG_WARN_INT_CONVERSION = YES;
				CLANG_WARN_NON_LITERAL_NULL_CONVERSION = YES;
				CLANG_WARN_OBJC_IMPLICIT_RETAIN_SELF = YES;
				CLANG_WARN_OBJC_LITERAL_CONVERSION = YES;
				CLANG_WARN_OBJC_ROOT_CLASS = YES_ERROR;
				CLANG_WARN_QUOTED_INCLUDE_IN_FRAMEWORK_HEADER = YES;
				CLANG_WARN_RANGE_LOOP_ANALYSIS = YES;
				CLANG_WARN_STRICT_PROTOTYPES = YES;
				CLANG_WARN_SUSPICIOUS_MOVE = YES;
				CLANG_WARN_UNGUARDED_AVAILABILITY = YES_AGGRESSIVE;
				CLANG_WARN_UNREACHABLE_CODE = YES;
				CLANG_WARN__DUPLICATE_METHOD_MATCH = YES;
				COPY_PHASE_STRIP = NO;
				DEBUG_INFORMATION_FORMAT = dwarf;
				ENABLE_STRICT_OBJC_MSGSEND = YES;
				ENABLE_TESTABILITY = YES;
				ENABLE_USER_SCRIPT_SANDBOXING = YES;
				GCC_C_LANGUAGE_STANDARD = gnu17;
				GCC_DYNAMIC_NO_PIC = NO;
				GCC_NO_COMMON_BLOCKS = YES;
				GCC_OPTIMIZATION_LEVEL = 0;
				GCC_PREPROCESSOR_DEFINITIONS = (
					"DEBUG=1",
					"$(inherited)",
				);
				GCC_WARN_64_TO_32_BIT_CONVERSION = YES;
				GCC_WARN_ABOUT_RETURN_TYPE = YES_ERROR;
				GCC_WARN_UNDECLARED_SELECTOR = YES;
				GCC_WARN_UNINITIALIZED_AUTOS = YES_AGGRESSIVE;
				GCC_WARN_UNUSED_FUNCTION = YES;
				GCC_WARN_UNUSED_VARIABLE = YES;
				IPHONEOS_DEPLOYMENT_TARGET = 17.5;
				LOCALIZATION_PREFERS_STRING_CATALOGS = YES;
				MTL_ENABLE_DEBUG_INFO = INCLUDE_SOURCE;
				MTL_FAST_MATH = YES;
				ONLY_ACTIVE_ARCH = YES;
				SDKROOT = iphoneos;
				SWIFT_ACTIVE_COMPILATION_CONDITIONS = "DEBUG $(inherited)";
				SWIFT_OPTIMIZATION_LEVEL = "-Onone";
			};
			name = Debug;
		};
		6C83C10F2C5C78CD00E2B5DB /* Release */ = {
			isa = XCBuildConfiguration;
			buildSettings = {
				ALWAYS_SEARCH_USER_PATHS = NO;
				ASSETCATALOG_COMPILER_GENERATE_SWIFT_ASSET_SYMBOL_EXTENSIONS = YES;
				CLANG_ANALYZER_NONNULL = YES;
				CLANG_ANALYZER_NUMBER_OBJECT_CONVERSION = YES_AGGRESSIVE;
				CLANG_CXX_LANGUAGE_STANDARD = "gnu++20";
				CLANG_ENABLE_MODULES = YES;
				CLANG_ENABLE_OBJC_ARC = YES;
				CLANG_ENABLE_OBJC_WEAK = YES;
				CLANG_WARN_BLOCK_CAPTURE_AUTORELEASING = YES;
				CLANG_WARN_BOOL_CONVERSION = YES;
				CLANG_WARN_COMMA = YES;
				CLANG_WARN_CONSTANT_CONVERSION = YES;
				CLANG_WARN_DEPRECATED_OBJC_IMPLEMENTATIONS = YES;
				CLANG_WARN_DIRECT_OBJC_ISA_USAGE = YES_ERROR;
				CLANG_WARN_DOCUMENTATION_COMMENTS = YES;
				CLANG_WARN_EMPTY_BODY = YES;
				CLANG_WARN_ENUM_CONVERSION = YES;
				CLANG_WARN_INFINITE_RECURSION = YES;
				CLANG_WARN_INT_CONVERSION = YES;
				CLANG_WARN_NON_LITERAL_NULL_CONVERSION = YES;
				CLANG_WARN_OBJC_IMPLICIT_RETAIN_SELF = YES;
				CLANG_WARN_OBJC_LITERAL_CONVERSION = YES;
				CLANG_WARN_OBJC_ROOT_CLASS = YES_ERROR;
				CLANG_WARN_QUOTED_INCLUDE_IN_FRAMEWORK_HEADER = YES;
				CLANG_WARN_RANGE_LOOP_ANALYSIS = YES;
				CLANG_WARN_STRICT_PROTOTYPES = YES;
				CLANG_WARN_SUSPICIOUS_MOVE = YES;
				CLANG_WARN_UNGUARDED_AVAILABILITY = YES_AGGRESSIVE;
				CLANG_WARN_UNREACHABLE_CODE = YES;
				CLANG_WARN__DUPLICATE_METHOD_MATCH = YES;
				COPY_PHASE_STRIP = NO;
				DEBUG_INFORMATION_FORMAT = "dwarf-with-dsym";
				ENABLE_NS_ASSERTIONS = NO;
				ENABLE_STRICT_OBJC_MSGSEND = YES;
				ENABLE_USER_SCRIPT_SANDBOXING = YES;
				GCC_C_LANGUAGE_STANDARD = gnu17;
				GCC_NO_COMMON_BLOCKS = YES;
				GCC_WARN_64_TO_32_BIT_CONVERSION = YES;
				GCC_WARN_ABOUT_RETURN_TYPE = YES_ERROR;
				GCC_WARN_UNDECLARED_SELECTOR = YES;
				GCC_WARN_UNINITIALIZED_AUTOS = YES_AGGRESSIVE;
				GCC_WARN_UNUSED_FUNCTION = YES;
				GCC_WARN_UNUSED_VARIABLE = YES;
				IPHONEOS_DEPLOYMENT_TARGET = 17.5;
				LOCALIZATION_PREFERS_STRING_CATALOGS = YES;
				MTL_ENABLE_DEBUG_INFO = NO;
				MTL_FAST_MATH = YES;
				SDKROOT = iphoneos;
				SWIFT_COMPILATION_MODE = wholemodule;
				VALIDATE_PRODUCT = YES;
			};
			name = Release;
		};
		6C83C1112C5C78CD00E2B5DB /* Debug */ = {
			isa = XCBuildConfiguration;
			buildSettings = {
				ASSETCATALOG_COMPILER_APPICON_NAME = AppIcon;
				ASSETCATALOG_COMPILER_GLOBAL_ACCENT_COLOR_NAME = AccentColor;
				CODE_SIGN_STYLE = Automatic;
				CURRENT_PROJECT_VERSION = 1;
				DEVELOPMENT_TEAM = KGB3PHC7D9;
				GENERATE_INFOPLIST_FILE = YES;
				INFOPLIST_FILE = "Movie App/Info.plist";
				INFOPLIST_KEY_UIApplicationSupportsIndirectInputEvents = YES;
				INFOPLIST_KEY_UILaunchStoryboardName = LaunchScreen;
				INFOPLIST_KEY_UISupportedInterfaceOrientations_iPad = "UIInterfaceOrientationPortrait UIInterfaceOrientationPortraitUpsideDown UIInterfaceOrientationLandscapeLeft UIInterfaceOrientationLandscapeRight";
				INFOPLIST_KEY_UISupportedInterfaceOrientations_iPhone = "UIInterfaceOrientationPortrait UIInterfaceOrientationLandscapeLeft UIInterfaceOrientationLandscapeRight";
				LD_RUNPATH_SEARCH_PATHS = (
					"$(inherited)",
					"@executable_path/Frameworks",
				);
				MARKETING_VERSION = 1.0;
				PRODUCT_BUNDLE_IDENTIFIER = "com.rabbyte.Movie-App";
				PRODUCT_NAME = "$(TARGET_NAME)";
				SWIFT_EMIT_LOC_STRINGS = YES;
				SWIFT_VERSION = 5.0;
				TARGETED_DEVICE_FAMILY = "1,2";
			};
			name = Debug;
		};
		6C83C1122C5C78CD00E2B5DB /* Release */ = {
			isa = XCBuildConfiguration;
			buildSettings = {
				ASSETCATALOG_COMPILER_APPICON_NAME = AppIcon;
				ASSETCATALOG_COMPILER_GLOBAL_ACCENT_COLOR_NAME = AccentColor;
				CODE_SIGN_STYLE = Automatic;
				CURRENT_PROJECT_VERSION = 1;
				DEVELOPMENT_TEAM = KGB3PHC7D9;
				GENERATE_INFOPLIST_FILE = YES;
				INFOPLIST_FILE = "Movie App/Info.plist";
				INFOPLIST_KEY_UIApplicationSupportsIndirectInputEvents = YES;
				INFOPLIST_KEY_UILaunchStoryboardName = LaunchScreen;
				INFOPLIST_KEY_UISupportedInterfaceOrientations_iPad = "UIInterfaceOrientationPortrait UIInterfaceOrientationPortraitUpsideDown UIInterfaceOrientationLandscapeLeft UIInterfaceOrientationLandscapeRight";
				INFOPLIST_KEY_UISupportedInterfaceOrientations_iPhone = "UIInterfaceOrientationPortrait UIInterfaceOrientationLandscapeLeft UIInterfaceOrientationLandscapeRight";
				LD_RUNPATH_SEARCH_PATHS = (
					"$(inherited)",
					"@executable_path/Frameworks",
				);
				MARKETING_VERSION = 1.0;
				PRODUCT_BUNDLE_IDENTIFIER = "com.rabbyte.Movie-App";
				PRODUCT_NAME = "$(TARGET_NAME)";
				SWIFT_EMIT_LOC_STRINGS = YES;
				SWIFT_VERSION = 5.0;
				TARGETED_DEVICE_FAMILY = "1,2";
			};
			name = Release;
		};
/* End XCBuildConfiguration section */

/* Begin XCConfigurationList section */
		6C83C0F72C5C78CC00E2B5DB /* Build configuration list for PBXProject "Movie App" */ = {
			isa = XCConfigurationList;
			buildConfigurations = (
				6C83C10E2C5C78CD00E2B5DB /* Debug */,
				6C83C10F2C5C78CD00E2B5DB /* Release */,
			);
			defaultConfigurationIsVisible = 0;
			defaultConfigurationName = Release;
		};
		6C83C1102C5C78CD00E2B5DB /* Build configuration list for PBXNativeTarget "Movie App" */ = {
			isa = XCConfigurationList;
			buildConfigurations = (
				6C83C1112C5C78CD00E2B5DB /* Debug */,
				6C83C1122C5C78CD00E2B5DB /* Release */,
			);
			defaultConfigurationIsVisible = 0;
			defaultConfigurationName = Release;
		};
/* End XCConfigurationList section */

/* Begin XCRemoteSwiftPackageReference section */
		6C83C1302C5F2E2700E2B5DB /* XCRemoteSwiftPackageReference "SDWebImage" */ = {
			isa = XCRemoteSwiftPackageReference;
			repositoryURL = "https://github.com/SDWebImage/SDWebImage.git";
			requirement = {
				kind = upToNextMajorVersion;
				minimumVersion = 5.19.5;
			};
		};
/* End XCRemoteSwiftPackageReference section */

/* Begin XCSwiftPackageProductDependency section */
		6C83C1312C5F2E2700E2B5DB /* SDWebImage */ = {
			isa = XCSwiftPackageProductDependency;
			package = 6C83C1302C5F2E2700E2B5DB /* XCRemoteSwiftPackageReference "SDWebImage" */;
			productName = SDWebImage;
		};
		6C83C1332C5F2E2700E2B5DB /* SDWebImageMapKit */ = {
			isa = XCSwiftPackageProductDependency;
			package = 6C83C1302C5F2E2700E2B5DB /* XCRemoteSwiftPackageReference "SDWebImage" */;
			productName = SDWebImageMapKit;
		};
/* End XCSwiftPackageProductDependency section */
	};
	rootObject = 6C83C0F42C5C78CC00E2B5DB /* Project object */;
}
